{
  "name": "mapsApp",
  "lockfileVersion": 2,
  "requires": true,
  "packages": {
    "": {
      "devDependencies": {
        "@faker-js/faker": "^6.2.0",
        "@types/google.maps": "^3.48.7",
        "typescript": "^4.6.3"
      }
    },
    "node_modules/@faker-js/faker": {
      "version": "6.2.0",
      "resolved": "https://registry.npmjs.org/@faker-js/faker/-/faker-6.2.0.tgz",
      "integrity": "sha512-3kIcQ+aTr3I+LqDbJwbINFk5oA+a63LH57GPJt9PM8AWqN7nCwnubuSiWosHYQlyf2NicrvpzXQxllyLeEdpyQ==",
      "dev": true,
      "engines": {
        "node": ">=14.0.0",
        "npm": ">=6.0.0"
      }
    },
    "node_modules/@types/google.maps": {
      "version": "3.48.7",
      "resolved": "https://registry.npmjs.org/@types/google.maps/-/google.maps-3.48.7.tgz",
      "integrity": "sha512-mssJhNv6jwk+zyh0MpYWWTsL99l84nEz7m+l0p4MY2f2iqdkOYl2kDFdB7g7ME0ih41V0kaZXsjntkq5ul/UyQ==",
      "dev": true
    },
    "node_modules/typescript": {
      "version": "4.6.3",
      "resolved": "https://registry.npmjs.org/typescript/-/typescript-4.6.3.tgz",
      "integrity": "sha512-yNIatDa5iaofVozS/uQJEl3JRWLKKGJKh6Yaiv0GLGSuhpFJe7P3SbHZ8/yjAHRQwKRoA6YZqlfjXWmVzoVSMw==",
      "dev": true,
      "bin": {
        "tsc": "bin/tsc",
        "tsserver": "bin/tsserver"
      },
      "engines": {
        "node": ">=4.2.0"
      }
    }
  },
  "dependencies": {
    "@faker-js/faker": {
      "version": "6.2.0",
      "resolved": "https://registry.npmjs.org/@faker-js/faker/-/faker-6.2.0.tgz",
      "integrity": "sha512-3kIcQ+aTr3I+LqDbJwbINFk5oA+a63LH57GPJt9PM8AWqN7nCwnubuSiWosHYQlyf2NicrvpzXQxllyLeEdpyQ==",
      "dev": true
    },
    "@types/google.maps": {
      "version": "3.48.7",
      "resolved": "https://registry.npmjs.org/@types/google.maps/-/google.maps-3.48.7.tgz",
      "integrity": "sha512-mssJhNv6jwk+zyh0MpYWWTsL99l84nEz7m+l0p4MY2f2iqdkOYl2kDFdB7g7ME0ih41V0kaZXsjntkq5ul/UyQ==",
      "dev": true
    },
    "typescript": {
      "version": "4.6.3",
      "resolved": "https://registry.npmjs.org/typescript/-/typescript-4.6.3.tgz",
      "integrity": "sha512-yNIatDa5iaofVozS/uQJEl3JRWLKKGJKh6Yaiv0GLGSuhpFJe7P3SbHZ8/yjAHRQwKRoA6YZqlfjXWmVzoVSMw==",
      "dev": true
    }
  }
}
